{
    "name": "projects",
    "lockfileVersion": 3,
    "requires": true,
    "packages": {
        "": {
            "dependencies": {
                "big.js": "^6.2.1",
                "chalk": "^5.2.0"
            },
            "devDependencies": {
                "prettier": "2.8.4"
            }
        },
        "node_modules/big.js": {
            "version": "6.2.1",
            "resolved": "https://registry.npmjs.org/big.js/-/big.js-6.2.1.tgz",
            "integrity": "sha512-bCtHMwL9LeDIozFn+oNhhFoq+yQ3BNdnsLSASUxLciOb1vgvpHsIO1dsENiGMgbb4SkP5TrzWzRiLddn8ahVOQ==",
            "engines": {
                "node": "*"
            },
            "funding": {
                "type": "opencollective",
                "url": "https://opencollective.com/bigjs"
            }
        },
        "node_modules/chalk": {
            "version": "5.2.0",
            "resolved": "https://registry.npmjs.org/chalk/-/chalk-5.2.0.tgz",
            "integrity": "sha512-ree3Gqw/nazQAPuJJEy+avdl7QfZMcUvmHIKgEZkGL+xOBzRvup5Hxo6LHuMceSxOabuJLJm5Yp/92R9eMmMvA==",
            "engines": {
                "node": "^12.17.0 || ^14.13 || >=16.0.0"
            },
            "funding": {
                "url": "https://github.com/chalk/chalk?sponsor=1"
            }
        },
        "node_modules/prettier": {
            "version": "2.8.4",
            "resolved": "https://registry.npmjs.org/prettier/-/prettier-2.8.4.tgz",
            "integrity": "sha512-vIS4Rlc2FNh0BySk3Wkd6xmwxB0FpOndW5fisM5H8hsZSxU2VWVB5CWIkIjWvrHjIhxk2g3bfMKM87zNTrZddw==",
            "dev": true,
            "bin": {
                "prettier": "bin-prettier.js"
            },
            "engines": {
                "node": ">=10.13.0"
            },
            "funding": {
                "url": "https://github.com/prettier/prettier?sponsor=1"
            }
        }
    }
}
